# This file is automatically @generated by Cargo.
# It is not intended for manual editing.
version = 4

[[package]]
name = "gameboy-emu"
version = "0.1.0"
dependencies = [
 "libretro-backend",
]

[[package]]
name = "libc"
version = "0.2.177"
source = "registry+https://github.com/rust-lang/crates.io-index"
checksum = "2874a2af47a2325c2001a6e6fad9b16a53b802102b528163885171cf92b15976"

[[package]]
name = "libretro-backend"
version = "0.2.1"
source = "registry+https://github.com/rust-lang/crates.io-index"
checksum = "667a71a6fdeec429bd88023eb7cc7b51264881b0cf9835431482a7c2f6e85d6e"
dependencies = [
 "libc",
 "libretro-sys",
]

[[package]]
name = "libretro-sys"
version = "0.1.1"
source = "registry+https://github.com/rust-lang/crates.io-index"
checksum = "207b060b02cecbcee6df3d0f5ed38691d5c4df1379dd1acd5c49c9b25d20b439"
dependencies = [
 "libc",
]
